
Microsoft Visual Studio Solution File, Format Version 12.00
# Visual Studio Version 17
VisualStudioVersion = 17.3.32922.545
MinimumVisualStudioVersion = 10.0.40219.1
Project("{2150E333-8FDC-42A3-9474-1A3956D46DE8}") = "Src", "Src", "{4729B508-C770-4BF9-9FD7-EB7EECF52E99}"
EndProject
Project("{2150E333-8FDC-42A3-9474-1A3956D46DE8}") = "Test", "Test", "{59677120-9ABD-4A60-92CB-BFCCF7E0B0A7}"
EndProject
Project("{2150E333-8FDC-42A3-9474-1A3956D46DE8}") = "API", "API", "{29596712-8E71-4039-A077-72F6B5469878}"
EndProject
Project("{2150E333-8FDC-42A3-9474-1A3956D46DE8}") = "DataAccess", "DataAccess", "{072034AA-79CE-4546-B1AC-8084C3B586AC}"
EndProject
Project("{2150E333-8FDC-42A3-9474-1A3956D46DE8}") = "Database", "Database", "{8E470F5B-0E12-474F-97C2-F6F3A677E269}"
EndProject
Project("{FAE04EC0-301F-11D3-BF4B-00C04F79EFBC}") = "GreetMe_API", "..\GreetMe_API\GreetMe_API.csproj", "{76C71F95-2B44-4B41-81C6-2BDFE0C94577}"
EndProject
Project("{FAE04EC0-301F-11D3-BF4B-00C04F79EFBC}") = "GreetMe_DataAccess", "..\GreetMe_DataAccess\GreetMe_DataAccess.csproj", "{4ED768E5-3667-44A4-8E3E-997AEAEA48AE}"
EndProject
Project("{2150E333-8FDC-42A3-9474-1A3956D46DE8}") = "SQL_Scripts", "SQL_Scripts", "{B5AC9489-EA30-4970-96B0-5B4D99DAED9D}"
EndProject
Project("{2150E333-8FDC-42A3-9474-1A3956D46DE8}") = "SQL_Database", "SQL_Database", "{74AF7DFB-2F38-45D0-9BFC-232D438BD964}"
EndProject
Project("{00D1A9C2-B5F0-4AF3-8072-F6C62B433612}") = "GreetMe_SQLDatabase", "..\GreetMe_SQLDatabase\GreetMe_SQLDatabase.sqlproj", "{7DE8C43A-A390-4ABB-AFC1-80279833D891}"
EndProject
Project("{FAE04EC0-301F-11D3-BF4B-00C04F79EFBC}") = "GreetMe_Test", "..\GreetMe_Test\GreetMe_Test.csproj", "{0516531F-7610-4779-9E92-7347AC347FD0}"
EndProject
Global
	GlobalSection(SolutionConfigurationPlatforms) = preSolution
		Debug|Any CPU = Debug|Any CPU
		Release|Any CPU = Release|Any CPU
	EndGlobalSection
	GlobalSection(ProjectConfigurationPlatforms) = postSolution
		{76C71F95-2B44-4B41-81C6-2BDFE0C94577}.Debug|Any CPU.ActiveCfg = Debug|Any CPU
		{76C71F95-2B44-4B41-81C6-2BDFE0C94577}.Debug|Any CPU.Build.0 = Debug|Any CPU
		{76C71F95-2B44-4B41-81C6-2BDFE0C94577}.Release|Any CPU.ActiveCfg = Release|Any CPU
		{76C71F95-2B44-4B41-81C6-2BDFE0C94577}.Release|Any CPU.Build.0 = Release|Any CPU
		{4ED768E5-3667-44A4-8E3E-997AEAEA48AE}.Debug|Any CPU.ActiveCfg = Debug|Any CPU
		{4ED768E5-3667-44A4-8E3E-997AEAEA48AE}.Debug|Any CPU.Build.0 = Debug|Any CPU
		{4ED768E5-3667-44A4-8E3E-997AEAEA48AE}.Release|Any CPU.ActiveCfg = Release|Any CPU
		{4ED768E5-3667-44A4-8E3E-997AEAEA48AE}.Release|Any CPU.Build.0 = Release|Any CPU
		{7DE8C43A-A390-4ABB-AFC1-80279833D891}.Debug|Any CPU.ActiveCfg = Debug|Any CPU
		{7DE8C43A-A390-4ABB-AFC1-80279833D891}.Debug|Any CPU.Build.0 = Debug|Any CPU
		{7DE8C43A-A390-4ABB-AFC1-80279833D891}.Debug|Any CPU.Deploy.0 = Debug|Any CPU
		{7DE8C43A-A390-4ABB-AFC1-80279833D891}.Release|Any CPU.ActiveCfg = Release|Any CPU
		{7DE8C43A-A390-4ABB-AFC1-80279833D891}.Release|Any CPU.Build.0 = Release|Any CPU
		{7DE8C43A-A390-4ABB-AFC1-80279833D891}.Release|Any CPU.Deploy.0 = Release|Any CPU
		{0516531F-7610-4779-9E92-7347AC347FD0}.Debug|Any CPU.ActiveCfg = Debug|Any CPU
		{0516531F-7610-4779-9E92-7347AC347FD0}.Debug|Any CPU.Build.0 = Debug|Any CPU
		{0516531F-7610-4779-9E92-7347AC347FD0}.Release|Any CPU.ActiveCfg = Release|Any CPU
		{0516531F-7610-4779-9E92-7347AC347FD0}.Release|Any CPU.Build.0 = Release|Any CPU
	EndGlobalSection
	GlobalSection(SolutionProperties) = preSolution
		HideSolutionNode = FALSE
	EndGlobalSection
	GlobalSection(NestedProjects) = preSolution
		{59677120-9ABD-4A60-92CB-BFCCF7E0B0A7} = {4729B508-C770-4BF9-9FD7-EB7EECF52E99}
		{29596712-8E71-4039-A077-72F6B5469878} = {4729B508-C770-4BF9-9FD7-EB7EECF52E99}
		{072034AA-79CE-4546-B1AC-8084C3B586AC} = {4729B508-C770-4BF9-9FD7-EB7EECF52E99}
		{8E470F5B-0E12-474F-97C2-F6F3A677E269} = {4729B508-C770-4BF9-9FD7-EB7EECF52E99}
		{76C71F95-2B44-4B41-81C6-2BDFE0C94577} = {29596712-8E71-4039-A077-72F6B5469878}
		{4ED768E5-3667-44A4-8E3E-997AEAEA48AE} = {072034AA-79CE-4546-B1AC-8084C3B586AC}
		{B5AC9489-EA30-4970-96B0-5B4D99DAED9D} = {8E470F5B-0E12-474F-97C2-F6F3A677E269}
		{74AF7DFB-2F38-45D0-9BFC-232D438BD964} = {8E470F5B-0E12-474F-97C2-F6F3A677E269}
		{7DE8C43A-A390-4ABB-AFC1-80279833D891} = {74AF7DFB-2F38-45D0-9BFC-232D438BD964}
		{0516531F-7610-4779-9E92-7347AC347FD0} = {59677120-9ABD-4A60-92CB-BFCCF7E0B0A7}
	EndGlobalSection
	GlobalSection(ExtensibilityGlobals) = postSolution
		SolutionGuid = {BC4D5432-B4AF-4AC4-8C56-8D0132E02FD7}
	EndGlobalSection
EndGlobal
